
Microsoft Visual Studio Solution File, Format Version 12.00
# Visual Studio Version 17
VisualStudioVersion = 17.1.32421.90
MinimumVisualStudioVersion = 10.0.40219.1
Project("{FAE04EC0-301F-11D3-BF4B-00C04F79EFBC}") = "stock_game_netpro", "stock_game_netpro\stock_game_netpro.csproj", "{0C72B0AC-C8A5-45CA-A93D-816E95DD4FE5}"
EndProject
Global
	GlobalSection(SolutionConfigurationPlatforms) = preSolution
		Debug|Any CPU = Debug|Any CPU
		Release|Any CPU = Release|Any CPU
	EndGlobalSection
	GlobalSection(ProjectConfigurationPlatforms) = postSolution
		{0C72B0AC-C8A5-45CA-A93D-816E95DD4FE5}.Debug|Any CPU.ActiveCfg = Debug|Any CPU
		{0C72B0AC-C8A5-45CA-A93D-816E95DD4FE5}.Debug|Any CPU.Build.0 = Debug|Any CPU
		{0C72B0AC-C8A5-45CA-A93D-816E95DD4FE5}.Release|Any CPU.ActiveCfg = Release|Any CPU
		{0C72B0AC-C8A5-45CA-A93D-816E95DD4FE5}.Release|Any CPU.Build.0 = Release|Any CPU
	EndGlobalSection
	GlobalSection(SolutionProperties) = preSolution
		HideSolutionNode = FALSE
	EndGlobalSection
	GlobalSection(ExtensibilityGlobals) = postSolution
		SolutionGuid = {FEEAC34E-FB22-421E-89B6-088BA20EDD43}
	EndGlobalSection
EndGlobal
